
Microsoft Visual Studio Solution File, Format Version 12.00
# Visual Studio Version 17
VisualStudioVersion = 17.13.35818.85 d17.13
MinimumVisualStudioVersion = 10.0.40219.1
Project("{FAE04EC0-301F-11D3-BF4B-00C04F79EFBC}") = "Calculator", "Calculator.csproj", "{812C6317-7BDA-4D15-B3C8-69CDFB73055B}"
EndProject
Global
	GlobalSection(SolutionConfigurationPlatforms) = preSolution
		Debug|Any CPU = Debug|Any CPU
		Release|Any CPU = Release|Any CPU
	EndGlobalSection
	GlobalSection(ProjectConfigurationPlatforms) = postSolution
		{812C6317-7BDA-4D15-B3C8-69CDFB73055B}.Debug|Any CPU.ActiveCfg = Debug|Any CPU
		{812C6317-7BDA-4D15-B3C8-69CDFB73055B}.Debug|Any CPU.Build.0 = Debug|Any CPU
		{812C6317-7BDA-4D15-B3C8-69CDFB73055B}.Release|Any CPU.ActiveCfg = Release|Any CPU
		{812C6317-7BDA-4D15-B3C8-69CDFB73055B}.Release|Any CPU.Build.0 = Release|Any CPU
	EndGlobalSection
	GlobalSection(SolutionProperties) = preSolution
		HideSolutionNode = FALSE
	EndGlobalSection
	GlobalSection(ExtensibilityGlobals) = postSolution
		SolutionGuid = {D2CC93E6-2520-4FC3-9C0D-AE45874DE754}
	EndGlobalSection
EndGlobal
